
Microsoft Visual Studio Solution File, Format Version 12.00
# Visual Studio 2013
VisualStudioVersion = 12.0.40629.0
MinimumVisualStudioVersion = 10.0.40219.1
Project("{FAE04EC0-301F-11D3-BF4B-00C04F79EFBC}") = "Splicer", "splicer-99885\src\Splicer\Splicer.csproj", "{77C46D9D-1BC1-4CAF-87CF-9242721066EF}"
EndProject
Project("{FAE04EC0-301F-11D3-BF4B-00C04F79EFBC}") = "Splicer.Contrib", "splicer-99885\src\Splicer.Contrib\Splicer.Contrib.csproj", "{4DE8D46C-1974-4D80-B71D-0683E66AD9E2}"
EndProject
Project("{FAE04EC0-301F-11D3-BF4B-00C04F79EFBC}") = "MusicianHelper.Common", "MusicianHelper.Common\MusicianHelper.Common.csproj", "{8B1F9093-89D4-4D97-BE31-0AFB2EDA2031}"
EndProject
Project("{FAE04EC0-301F-11D3-BF4B-00C04F79EFBC}") = "MusicianHelper.Console", "MusicianHelper.Console\MusicianHelper.Console.csproj", "{4941BB7B-5107-4C0D-ADB0-3192670CC47D}"
EndProject
Project("{FAE04EC0-301F-11D3-BF4B-00C04F79EFBC}") = "MusicianHelper.Infrastructure", "MusicianHelper.Infrastructure\MusicianHelper.Infrastructure.csproj", "{C7A43AF2-FE5B-4F71-8A73-56933E68F4BF}"
EndProject
Project("{FAE04EC0-301F-11D3-BF4B-00C04F79EFBC}") = "MusicianHelper.WinForms", "MusicianHelper.WinForms\MusicianHelper.WinForms.csproj", "{3729F5AB-F6E1-4DE1-8959-1248561A69E8}"
EndProject
Project("{FAE04EC0-301F-11D3-BF4B-00C04F79EFBC}") = "MusicianHelper.APIKeyBootstrapper", "MusicianHelper.APIKeyBootstrapper\MusicianHelper.APIKeyBootstrapper.csproj", "{1D2AB145-553D-4612-A757-D8DEF15DBAD9}"
EndProject
Project("{8BC9CEB8-8B4A-11D0-8D11-00A0C91BC942}") = "MusicianHelper.SinkWriterSandbox", "MusicianHelper.SinkWriterSandbox\MusicianHelper.SinkWriterSandbox\MusicianHelper.SinkWriterSandbox.vcxproj", "{971FE998-7DA9-46A3-AB52-20672558DB4B}"
EndProject
Project("{FAE04EC0-301F-11D3-BF4B-00C04F79EFBC}") = "MusicianHelper.Infrastructure.Tests", "MusicianHelper.Infrastructure.Tests\MusicianHelper.Infrastructure.Tests.csproj", "{F057BB70-8A0F-4AC9-9B02-3BAB34E1D8BB}"
EndProject
Project("{8BC9CEB8-8B4A-11D0-8D11-00A0C91BC942}") = "MusicianHelper.NativeVideoEncoder", "MusicianHelper.NativeVideoEncoder\MusicianHelper.NativeVideoEncoder.vcxproj", "{B8855732-B69D-4635-9C05-2B5EC9468F71}"
EndProject
Project("{8BC9CEB8-8B4A-11D0-8D11-00A0C91BC942}") = "MusicianHelper.NativeVideoEncoderPS", "MusicianHelper.NativeVideoEncoder\MusicianHelper.NativeVideoEncoderPS.vcxproj", "{10CB7C08-D2F4-45AD-B178-106912AFD43A}"
	ProjectSection(ProjectDependencies) = postProject
		{B8855732-B69D-4635-9C05-2B5EC9468F71} = {B8855732-B69D-4635-9C05-2B5EC9468F71}
	EndProjectSection
EndProject
Global
	GlobalSection(SolutionConfigurationPlatforms) = preSolution
		Debug|Any CPU = Debug|Any CPU
		Debug|Mixed Platforms = Debug|Mixed Platforms
		Debug|Win32 = Debug|Win32
		Debug|x86 = Debug|x86
		Debug-Signed|Any CPU = Debug-Signed|Any CPU
		Debug-Signed|Mixed Platforms = Debug-Signed|Mixed Platforms
		Debug-Signed|Win32 = Debug-Signed|Win32
		Debug-Signed|x86 = Debug-Signed|x86
		Release|Any CPU = Release|Any CPU
		Release|Mixed Platforms = Release|Mixed Platforms
		Release|Win32 = Release|Win32
		Release|x86 = Release|x86
	EndGlobalSection
	GlobalSection(ProjectConfigurationPlatforms) = postSolution
		{77C46D9D-1BC1-4CAF-87CF-9242721066EF}.Debug|Any CPU.ActiveCfg = Debug|Any CPU
		{77C46D9D-1BC1-4CAF-87CF-9242721066EF}.Debug|Any CPU.Build.0 = Debug|Any CPU
		{77C46D9D-1BC1-4CAF-87CF-9242721066EF}.Debug|Mixed Platforms.ActiveCfg = Debug|x86
		{77C46D9D-1BC1-4CAF-87CF-9242721066EF}.Debug|Mixed Platforms.Build.0 = Debug|x86
		{77C46D9D-1BC1-4CAF-87CF-9242721066EF}.Debug|Win32.ActiveCfg = Debug|x86
		{77C46D9D-1BC1-4CAF-87CF-9242721066EF}.Debug|Win32.Build.0 = Debug|x86
		{77C46D9D-1BC1-4CAF-87CF-9242721066EF}.Debug|x86.ActiveCfg = Debug|x86
		{77C46D9D-1BC1-4CAF-87CF-9242721066EF}.Debug|x86.Build.0 = Debug|x86
		{77C46D9D-1BC1-4CAF-87CF-9242721066EF}.Debug-Signed|Any CPU.ActiveCfg = Debug-Signed|Any CPU
		{77C46D9D-1BC1-4CAF-87CF-9242721066EF}.Debug-Signed|Any CPU.Build.0 = Debug-Signed|Any CPU
		{77C46D9D-1BC1-4CAF-87CF-9242721066EF}.Debug-Signed|Mixed Platforms.ActiveCfg = Debug-Signed|x86
		{77C46D9D-1BC1-4CAF-87CF-9242721066EF}.Debug-Signed|Mixed Platforms.Build.0 = Debug-Signed|x86
		{77C46D9D-1BC1-4CAF-87CF-9242721066EF}.Debug-Signed|Win32.ActiveCfg = Debug-Signed|x86
		{77C46D9D-1BC1-4CAF-87CF-9242721066EF}.Debug-Signed|Win32.Build.0 = Debug-Signed|x86
		{77C46D9D-1BC1-4CAF-87CF-9242721066EF}.Debug-Signed|x86.ActiveCfg = Debug-Signed|x86
		{77C46D9D-1BC1-4CAF-87CF-9242721066EF}.Debug-Signed|x86.Build.0 = Debug-Signed|x86
		{77C46D9D-1BC1-4CAF-87CF-9242721066EF}.Release|Any CPU.ActiveCfg = Release|Any CPU
		{77C46D9D-1BC1-4CAF-87CF-9242721066EF}.Release|Any CPU.Build.0 = Release|Any CPU
		{77C46D9D-1BC1-4CAF-87CF-9242721066EF}.Release|Mixed Platforms.ActiveCfg = Release|x86
		{77C46D9D-1BC1-4CAF-87CF-9242721066EF}.Release|Mixed Platforms.Build.0 = Release|x86
		{77C46D9D-1BC1-4CAF-87CF-9242721066EF}.Release|Win32.ActiveCfg = Release|x86
		{77C46D9D-1BC1-4CAF-87CF-9242721066EF}.Release|Win32.Build.0 = Release|x86
		{77C46D9D-1BC1-4CAF-87CF-9242721066EF}.Release|x86.ActiveCfg = Release|x86
		{77C46D9D-1BC1-4CAF-87CF-9242721066EF}.Release|x86.Build.0 = Release|x86
		{4DE8D46C-1974-4D80-B71D-0683E66AD9E2}.Debug|Any CPU.ActiveCfg = Debug|Any CPU
		{4DE8D46C-1974-4D80-B71D-0683E66AD9E2}.Debug|Any CPU.Build.0 = Debug|Any CPU
		{4DE8D46C-1974-4D80-B71D-0683E66AD9E2}.Debug|Mixed Platforms.ActiveCfg = Debug|x86
		{4DE8D46C-1974-4D80-B71D-0683E66AD9E2}.Debug|Mixed Platforms.Build.0 = Debug|x86
		{4DE8D46C-1974-4D80-B71D-0683E66AD9E2}.Debug|Win32.ActiveCfg = Debug|x86
		{4DE8D46C-1974-4D80-B71D-0683E66AD9E2}.Debug|Win32.Build.0 = Debug|x86
		{4DE8D46C-1974-4D80-B71D-0683E66AD9E2}.Debug|x86.ActiveCfg = Debug|x86
		{4DE8D46C-1974-4D80-B71D-0683E66AD9E2}.Debug|x86.Build.0 = Debug|x86
		{4DE8D46C-1974-4D80-B71D-0683E66AD9E2}.Debug-Signed|Any CPU.ActiveCfg = Debug-Signed|Any CPU
		{4DE8D46C-1974-4D80-B71D-0683E66AD9E2}.Debug-Signed|Any CPU.Build.0 = Debug-Signed|Any CPU
		{4DE8D46C-1974-4D80-B71D-0683E66AD9E2}.Debug-Signed|Mixed Platforms.ActiveCfg = Debug-Signed|x86
		{4DE8D46C-1974-4D80-B71D-0683E66AD9E2}.Debug-Signed|Mixed Platforms.Build.0 = Debug-Signed|x86
		{4DE8D46C-1974-4D80-B71D-0683E66AD9E2}.Debug-Signed|Win32.ActiveCfg = Debug-Signed|x86
		{4DE8D46C-1974-4D80-B71D-0683E66AD9E2}.Debug-Signed|Win32.Build.0 = Debug-Signed|x86
		{4DE8D46C-1974-4D80-B71D-0683E66AD9E2}.Debug-Signed|x86.ActiveCfg = Debug-Signed|x86
		{4DE8D46C-1974-4D80-B71D-0683E66AD9E2}.Debug-Signed|x86.Build.0 = Debug-Signed|x86
		{4DE8D46C-1974-4D80-B71D-0683E66AD9E2}.Release|Any CPU.ActiveCfg = Release|Any CPU
		{4DE8D46C-1974-4D80-B71D-0683E66AD9E2}.Release|Any CPU.Build.0 = Release|Any CPU
		{4DE8D46C-1974-4D80-B71D-0683E66AD9E2}.Release|Mixed Platforms.ActiveCfg = Release|x86
		{4DE8D46C-1974-4D80-B71D-0683E66AD9E2}.Release|Mixed Platforms.Build.0 = Release|x86
		{4DE8D46C-1974-4D80-B71D-0683E66AD9E2}.Release|Win32.ActiveCfg = Release|x86
		{4DE8D46C-1974-4D80-B71D-0683E66AD9E2}.Release|Win32.Build.0 = Release|x86
		{4DE8D46C-1974-4D80-B71D-0683E66AD9E2}.Release|x86.ActiveCfg = Release|x86
		{4DE8D46C-1974-4D80-B71D-0683E66AD9E2}.Release|x86.Build.0 = Release|x86
		{8B1F9093-89D4-4D97-BE31-0AFB2EDA2031}.Debug|Any CPU.ActiveCfg = Debug|Any CPU
		{8B1F9093-89D4-4D97-BE31-0AFB2EDA2031}.Debug|Any CPU.Build.0 = Debug|Any CPU
		{8B1F9093-89D4-4D97-BE31-0AFB2EDA2031}.Debug|Mixed Platforms.ActiveCfg = Debug|Any CPU
		{8B1F9093-89D4-4D97-BE31-0AFB2EDA2031}.Debug|Mixed Platforms.Build.0 = Debug|Any CPU
		{8B1F9093-89D4-4D97-BE31-0AFB2EDA2031}.Debug|Win32.ActiveCfg = Debug|Any CPU
		{8B1F9093-89D4-4D97-BE31-0AFB2EDA2031}.Debug|x86.ActiveCfg = Debug|Any CPU
		{8B1F9093-89D4-4D97-BE31-0AFB2EDA2031}.Debug-Signed|Any CPU.ActiveCfg = Debug|Any CPU
		{8B1F9093-89D4-4D97-BE31-0AFB2EDA2031}.Debug-Signed|Any CPU.Build.0 = Debug|Any CPU
		{8B1F9093-89D4-4D97-BE31-0AFB2EDA2031}.Debug-Signed|Mixed Platforms.ActiveCfg = Debug|Any CPU
		{8B1F9093-89D4-4D97-BE31-0AFB2EDA2031}.Debug-Signed|Mixed Platforms.Build.0 = Debug|Any CPU
		{8B1F9093-89D4-4D97-BE31-0AFB2EDA2031}.Debug-Signed|Win32.ActiveCfg = Debug|Any CPU
		{8B1F9093-89D4-4D97-BE31-0AFB2EDA2031}.Debug-Signed|x86.ActiveCfg = Debug|Any CPU
		{8B1F9093-89D4-4D97-BE31-0AFB2EDA2031}.Release|Any CPU.ActiveCfg = Release|Any CPU
		{8B1F9093-89D4-4D97-BE31-0AFB2EDA2031}.Release|Any CPU.Build.0 = Release|Any CPU
		{8B1F9093-89D4-4D97-BE31-0AFB2EDA2031}.Release|Mixed Platforms.ActiveCfg = Release|Any CPU
		{8B1F9093-89D4-4D97-BE31-0AFB2EDA2031}.Release|Mixed Platforms.Build.0 = Release|Any CPU
		{8B1F9093-89D4-4D97-BE31-0AFB2EDA2031}.Release|Win32.ActiveCfg = Release|Any CPU
		{8B1F9093-89D4-4D97-BE31-0AFB2EDA2031}.Release|x86.ActiveCfg = Release|Any CPU
		{4941BB7B-5107-4C0D-ADB0-3192670CC47D}.Debug|Any CPU.ActiveCfg = Debug|Any CPU
		{4941BB7B-5107-4C0D-ADB0-3192670CC47D}.Debug|Any CPU.Build.0 = Debug|Any CPU
		{4941BB7B-5107-4C0D-ADB0-3192670CC47D}.Debug|Mixed Platforms.ActiveCfg = Debug|Any CPU
		{4941BB7B-5107-4C0D-ADB0-3192670CC47D}.Debug|Mixed Platforms.Build.0 = Debug|Any CPU
		{4941BB7B-5107-4C0D-ADB0-3192670CC47D}.Debug|Win32.ActiveCfg = Debug|Any CPU
		{4941BB7B-5107-4C0D-ADB0-3192670CC47D}.Debug|x86.ActiveCfg = Debug|Any CPU
		{4941BB7B-5107-4C0D-ADB0-3192670CC47D}.Debug-Signed|Any CPU.ActiveCfg = Debug|Any CPU
		{4941BB7B-5107-4C0D-ADB0-3192670CC47D}.Debug-Signed|Any CPU.Build.0 = Debug|Any CPU
		{4941BB7B-5107-4C0D-ADB0-3192670CC47D}.Debug-Signed|Mixed Platforms.ActiveCfg = Debug|Any CPU
		{4941BB7B-5107-4C0D-ADB0-3192670CC47D}.Debug-Signed|Mixed Platforms.Build.0 = Debug|Any CPU
		{4941BB7B-5107-4C0D-ADB0-3192670CC47D}.Debug-Signed|Win32.ActiveCfg = Debug|Any CPU
		{4941BB7B-5107-4C0D-ADB0-3192670CC47D}.Debug-Signed|x86.ActiveCfg = Debug|Any CPU
		{4941BB7B-5107-4C0D-ADB0-3192670CC47D}.Release|Any CPU.ActiveCfg = Release|Any CPU
		{4941BB7B-5107-4C0D-ADB0-3192670CC47D}.Release|Any CPU.Build.0 = Release|Any CPU
		{4941BB7B-5107-4C0D-ADB0-3192670CC47D}.Release|Mixed Platforms.ActiveCfg = Release|Any CPU
		{4941BB7B-5107-4C0D-ADB0-3192670CC47D}.Release|Mixed Platforms.Build.0 = Release|Any CPU
		{4941BB7B-5107-4C0D-ADB0-3192670CC47D}.Release|Win32.ActiveCfg = Release|Any CPU
		{4941BB7B-5107-4C0D-ADB0-3192670CC47D}.Release|x86.ActiveCfg = Release|Any CPU
		{C7A43AF2-FE5B-4F71-8A73-56933E68F4BF}.Debug|Any CPU.ActiveCfg = Debug|Any CPU
		{C7A43AF2-FE5B-4F71-8A73-56933E68F4BF}.Debug|Any CPU.Build.0 = Debug|Any CPU
		{C7A43AF2-FE5B-4F71-8A73-56933E68F4BF}.Debug|Mixed Platforms.ActiveCfg = Debug|Any CPU
		{C7A43AF2-FE5B-4F71-8A73-56933E68F4BF}.Debug|Mixed Platforms.Build.0 = Debug|Any CPU
		{C7A43AF2-FE5B-4F71-8A73-56933E68F4BF}.Debug|Win32.ActiveCfg = Debug|Any CPU
		{C7A43AF2-FE5B-4F71-8A73-56933E68F4BF}.Debug|x86.ActiveCfg = Debug|Any CPU
		{C7A43AF2-FE5B-4F71-8A73-56933E68F4BF}.Debug-Signed|Any CPU.ActiveCfg = Debug|Any CPU
		{C7A43AF2-FE5B-4F71-8A73-56933E68F4BF}.Debug-Signed|Any CPU.Build.0 = Debug|Any CPU
		{C7A43AF2-FE5B-4F71-8A73-56933E68F4BF}.Debug-Signed|Mixed Platforms.ActiveCfg = Debug|Any CPU
		{C7A43AF2-FE5B-4F71-8A73-56933E68F4BF}.Debug-Signed|Mixed Platforms.Build.0 = Debug|Any CPU
		{C7A43AF2-FE5B-4F71-8A73-56933E68F4BF}.Debug-Signed|Win32.ActiveCfg = Debug|Any CPU
		{C7A43AF2-FE5B-4F71-8A73-56933E68F4BF}.Debug-Signed|x86.ActiveCfg = Debug|Any CPU
		{C7A43AF2-FE5B-4F71-8A73-56933E68F4BF}.Release|Any CPU.ActiveCfg = Release|Any CPU
		{C7A43AF2-FE5B-4F71-8A73-56933E68F4BF}.Release|Any CPU.Build.0 = Release|Any CPU
		{C7A43AF2-FE5B-4F71-8A73-56933E68F4BF}.Release|Mixed Platforms.ActiveCfg = Release|Any CPU
		{C7A43AF2-FE5B-4F71-8A73-56933E68F4BF}.Release|Mixed Platforms.Build.0 = Release|Any CPU
		{C7A43AF2-FE5B-4F71-8A73-56933E68F4BF}.Release|Win32.ActiveCfg = Release|Any CPU
		{C7A43AF2-FE5B-4F71-8A73-56933E68F4BF}.Release|x86.ActiveCfg = Release|Any CPU
		{3729F5AB-F6E1-4DE1-8959-1248561A69E8}.Debug|Any CPU.ActiveCfg = Debug|Any CPU
		{3729F5AB-F6E1-4DE1-8959-1248561A69E8}.Debug|Any CPU.Build.0 = Debug|Any CPU
		{3729F5AB-F6E1-4DE1-8959-1248561A69E8}.Debug|Mixed Platforms.ActiveCfg = Debug|Any CPU
		{3729F5AB-F6E1-4DE1-8959-1248561A69E8}.Debug|Mixed Platforms.Build.0 = Debug|Any CPU
		{3729F5AB-F6E1-4DE1-8959-1248561A69E8}.Debug|Win32.ActiveCfg = Debug|Any CPU
		{3729F5AB-F6E1-4DE1-8959-1248561A69E8}.Debug|x86.ActiveCfg = Debug|Any CPU
		{3729F5AB-F6E1-4DE1-8959-1248561A69E8}.Debug-Signed|Any CPU.ActiveCfg = Debug|Any CPU
		{3729F5AB-F6E1-4DE1-8959-1248561A69E8}.Debug-Signed|Any CPU.Build.0 = Debug|Any CPU
		{3729F5AB-F6E1-4DE1-8959-1248561A69E8}.Debug-Signed|Mixed Platforms.ActiveCfg = Debug|Any CPU
		{3729F5AB-F6E1-4DE1-8959-1248561A69E8}.Debug-Signed|Mixed Platforms.Build.0 = Debug|Any CPU
		{3729F5AB-F6E1-4DE1-8959-1248561A69E8}.Debug-Signed|Win32.ActiveCfg = Debug|Any CPU
		{3729F5AB-F6E1-4DE1-8959-1248561A69E8}.Debug-Signed|x86.ActiveCfg = Debug|Any CPU
		{3729F5AB-F6E1-4DE1-8959-1248561A69E8}.Release|Any CPU.ActiveCfg = Release|Any CPU
		{3729F5AB-F6E1-4DE1-8959-1248561A69E8}.Release|Any CPU.Build.0 = Release|Any CPU
		{3729F5AB-F6E1-4DE1-8959-1248561A69E8}.Release|Mixed Platforms.ActiveCfg = Release|Any CPU
		{3729F5AB-F6E1-4DE1-8959-1248561A69E8}.Release|Mixed Platforms.Build.0 = Release|Any CPU
		{3729F5AB-F6E1-4DE1-8959-1248561A69E8}.Release|Win32.ActiveCfg = Release|Any CPU
		{3729F5AB-F6E1-4DE1-8959-1248561A69E8}.Release|x86.ActiveCfg = Release|Any CPU
		{1D2AB145-553D-4612-A757-D8DEF15DBAD9}.Debug|Any CPU.ActiveCfg = Debug|Any CPU
		{1D2AB145-553D-4612-A757-D8DEF15DBAD9}.Debug|Any CPU.Build.0 = Debug|Any CPU
		{1D2AB145-553D-4612-A757-D8DEF15DBAD9}.Debug|Mixed Platforms.ActiveCfg = Debug|Any CPU
		{1D2AB145-553D-4612-A757-D8DEF15DBAD9}.Debug|Mixed Platforms.Build.0 = Debug|Any CPU
		{1D2AB145-553D-4612-A757-D8DEF15DBAD9}.Debug|Win32.ActiveCfg = Debug|Any CPU
		{1D2AB145-553D-4612-A757-D8DEF15DBAD9}.Debug|x86.ActiveCfg = Debug|Any CPU
		{1D2AB145-553D-4612-A757-D8DEF15DBAD9}.Debug-Signed|Any CPU.ActiveCfg = Debug|Any CPU
		{1D2AB145-553D-4612-A757-D8DEF15DBAD9}.Debug-Signed|Any CPU.Build.0 = Debug|Any CPU
		{1D2AB145-553D-4612-A757-D8DEF15DBAD9}.Debug-Signed|Mixed Platforms.ActiveCfg = Debug|Any CPU
		{1D2AB145-553D-4612-A757-D8DEF15DBAD9}.Debug-Signed|Mixed Platforms.Build.0 = Debug|Any CPU
		{1D2AB145-553D-4612-A757-D8DEF15DBAD9}.Debug-Signed|Win32.ActiveCfg = Debug|Any CPU
		{1D2AB145-553D-4612-A757-D8DEF15DBAD9}.Debug-Signed|x86.ActiveCfg = Debug|Any CPU
		{1D2AB145-553D-4612-A757-D8DEF15DBAD9}.Release|Any CPU.ActiveCfg = Release|Any CPU
		{1D2AB145-553D-4612-A757-D8DEF15DBAD9}.Release|Any CPU.Build.0 = Release|Any CPU
		{1D2AB145-553D-4612-A757-D8DEF15DBAD9}.Release|Mixed Platforms.ActiveCfg = Release|Any CPU
		{1D2AB145-553D-4612-A757-D8DEF15DBAD9}.Release|Mixed Platforms.Build.0 = Release|Any CPU
		{1D2AB145-553D-4612-A757-D8DEF15DBAD9}.Release|Win32.ActiveCfg = Release|Any CPU
		{1D2AB145-553D-4612-A757-D8DEF15DBAD9}.Release|x86.ActiveCfg = Release|Any CPU
		{971FE998-7DA9-46A3-AB52-20672558DB4B}.Debug|Any CPU.ActiveCfg = Debug|Win32
		{971FE998-7DA9-46A3-AB52-20672558DB4B}.Debug|Mixed Platforms.ActiveCfg = Debug|Win32
		{971FE998-7DA9-46A3-AB52-20672558DB4B}.Debug|Mixed Platforms.Build.0 = Debug|Win32
		{971FE998-7DA9-46A3-AB52-20672558DB4B}.Debug|Win32.ActiveCfg = Debug|Win32
		{971FE998-7DA9-46A3-AB52-20672558DB4B}.Debug|Win32.Build.0 = Debug|Win32
		{971FE998-7DA9-46A3-AB52-20672558DB4B}.Debug|x86.ActiveCfg = Debug|Win32
		{971FE998-7DA9-46A3-AB52-20672558DB4B}.Debug|x86.Build.0 = Debug|Win32
		{971FE998-7DA9-46A3-AB52-20672558DB4B}.Debug-Signed|Any CPU.ActiveCfg = Debug|Win32
		{971FE998-7DA9-46A3-AB52-20672558DB4B}.Debug-Signed|Mixed Platforms.ActiveCfg = Debug|Win32
		{971FE998-7DA9-46A3-AB52-20672558DB4B}.Debug-Signed|Mixed Platforms.Build.0 = Debug|Win32
		{971FE998-7DA9-46A3-AB52-20672558DB4B}.Debug-Signed|Win32.ActiveCfg = Debug|Win32
		{971FE998-7DA9-46A3-AB52-20672558DB4B}.Debug-Signed|Win32.Build.0 = Debug|Win32
		{971FE998-7DA9-46A3-AB52-20672558DB4B}.Debug-Signed|x86.ActiveCfg = Debug|Win32
		{971FE998-7DA9-46A3-AB52-20672558DB4B}.Debug-Signed|x86.Build.0 = Debug|Win32
		{971FE998-7DA9-46A3-AB52-20672558DB4B}.Release|Any CPU.ActiveCfg = Release|Win32
		{971FE998-7DA9-46A3-AB52-20672558DB4B}.Release|Mixed Platforms.ActiveCfg = Release|Win32
		{971FE998-7DA9-46A3-AB52-20672558DB4B}.Release|Mixed Platforms.Build.0 = Release|Win32
		{971FE998-7DA9-46A3-AB52-20672558DB4B}.Release|Win32.ActiveCfg = Release|Win32
		{971FE998-7DA9-46A3-AB52-20672558DB4B}.Release|Win32.Build.0 = Release|Win32
		{971FE998-7DA9-46A3-AB52-20672558DB4B}.Release|x86.ActiveCfg = Release|Win32
		{971FE998-7DA9-46A3-AB52-20672558DB4B}.Release|x86.Build.0 = Release|Win32
		{F057BB70-8A0F-4AC9-9B02-3BAB34E1D8BB}.Debug|Any CPU.ActiveCfg = Debug|Any CPU
		{F057BB70-8A0F-4AC9-9B02-3BAB34E1D8BB}.Debug|Any CPU.Build.0 = Debug|Any CPU
		{F057BB70-8A0F-4AC9-9B02-3BAB34E1D8BB}.Debug|Mixed Platforms.ActiveCfg = Debug|Any CPU
		{F057BB70-8A0F-4AC9-9B02-3BAB34E1D8BB}.Debug|Mixed Platforms.Build.0 = Debug|Any CPU
		{F057BB70-8A0F-4AC9-9B02-3BAB34E1D8BB}.Debug|Win32.ActiveCfg = Debug|Any CPU
		{F057BB70-8A0F-4AC9-9B02-3BAB34E1D8BB}.Debug|x86.ActiveCfg = Debug|Any CPU
		{F057BB70-8A0F-4AC9-9B02-3BAB34E1D8BB}.Debug-Signed|Any CPU.ActiveCfg = Debug|Any CPU
		{F057BB70-8A0F-4AC9-9B02-3BAB34E1D8BB}.Debug-Signed|Any CPU.Build.0 = Debug|Any CPU
		{F057BB70-8A0F-4AC9-9B02-3BAB34E1D8BB}.Debug-Signed|Mixed Platforms.ActiveCfg = Debug|Any CPU
		{F057BB70-8A0F-4AC9-9B02-3BAB34E1D8BB}.Debug-Signed|Mixed Platforms.Build.0 = Debug|Any CPU
		{F057BB70-8A0F-4AC9-9B02-3BAB34E1D8BB}.Debug-Signed|Win32.ActiveCfg = Debug|Any CPU
		{F057BB70-8A0F-4AC9-9B02-3BAB34E1D8BB}.Debug-Signed|x86.ActiveCfg = Debug|Any CPU
		{F057BB70-8A0F-4AC9-9B02-3BAB34E1D8BB}.Release|Any CPU.ActiveCfg = Release|Any CPU
		{F057BB70-8A0F-4AC9-9B02-3BAB34E1D8BB}.Release|Any CPU.Build.0 = Release|Any CPU
		{F057BB70-8A0F-4AC9-9B02-3BAB34E1D8BB}.Release|Mixed Platforms.ActiveCfg = Release|Any CPU
		{F057BB70-8A0F-4AC9-9B02-3BAB34E1D8BB}.Release|Mixed Platforms.Build.0 = Release|Any CPU
		{F057BB70-8A0F-4AC9-9B02-3BAB34E1D8BB}.Release|Win32.ActiveCfg = Release|Any CPU
		{F057BB70-8A0F-4AC9-9B02-3BAB34E1D8BB}.Release|x86.ActiveCfg = Release|Any CPU
		{B8855732-B69D-4635-9C05-2B5EC9468F71}.Debug|Any CPU.ActiveCfg = Debug|Win32
		{B8855732-B69D-4635-9C05-2B5EC9468F71}.Debug|Mixed Platforms.ActiveCfg = Debug|Win32
		{B8855732-B69D-4635-9C05-2B5EC9468F71}.Debug|Mixed Platforms.Build.0 = Debug|Win32
		{B8855732-B69D-4635-9C05-2B5EC9468F71}.Debug|Win32.ActiveCfg = Debug|Win32
		{B8855732-B69D-4635-9C05-2B5EC9468F71}.Debug|Win32.Build.0 = Debug|Win32
		{B8855732-B69D-4635-9C05-2B5EC9468F71}.Debug|x86.ActiveCfg = Debug|Win32
		{B8855732-B69D-4635-9C05-2B5EC9468F71}.Debug|x86.Build.0 = Debug|Win32
		{B8855732-B69D-4635-9C05-2B5EC9468F71}.Debug-Signed|Any CPU.ActiveCfg = Debug|Win32
		{B8855732-B69D-4635-9C05-2B5EC9468F71}.Debug-Signed|Mixed Platforms.ActiveCfg = Debug|Win32
		{B8855732-B69D-4635-9C05-2B5EC9468F71}.Debug-Signed|Mixed Platforms.Build.0 = Debug|Win32
		{B8855732-B69D-4635-9C05-2B5EC9468F71}.Debug-Signed|Win32.ActiveCfg = Debug|Win32
		{B8855732-B69D-4635-9C05-2B5EC9468F71}.Debug-Signed|Win32.Build.0 = Debug|Win32
		{B8855732-B69D-4635-9C05-2B5EC9468F71}.Debug-Signed|x86.ActiveCfg = Debug|Win32
		{B8855732-B69D-4635-9C05-2B5EC9468F71}.Debug-Signed|x86.Build.0 = Debug|Win32
		{B8855732-B69D-4635-9C05-2B5EC9468F71}.Release|Any CPU.ActiveCfg = Release|Win32
		{B8855732-B69D-4635-9C05-2B5EC9468F71}.Release|Mixed Platforms.ActiveCfg = Release|Win32
		{B8855732-B69D-4635-9C05-2B5EC9468F71}.Release|Mixed Platforms.Build.0 = Release|Win32
		{B8855732-B69D-4635-9C05-2B5EC9468F71}.Release|Win32.ActiveCfg = Release|Win32
		{B8855732-B69D-4635-9C05-2B5EC9468F71}.Release|Win32.Build.0 = Release|Win32
		{B8855732-B69D-4635-9C05-2B5EC9468F71}.Release|x86.ActiveCfg = Release|Win32
		{B8855732-B69D-4635-9C05-2B5EC9468F71}.Release|x86.Build.0 = Release|Win32
		{10CB7C08-D2F4-45AD-B178-106912AFD43A}.Debug|Any CPU.ActiveCfg = Debug|Win32
		{10CB7C08-D2F4-45AD-B178-106912AFD43A}.Debug|Mixed Platforms.ActiveCfg = Debug|Win32
		{10CB7C08-D2F4-45AD-B178-106912AFD43A}.Debug|Win32.ActiveCfg = Debug|Win32
		{10CB7C08-D2F4-45AD-B178-106912AFD43A}.Debug|x86.ActiveCfg = Debug|Win32
		{10CB7C08-D2F4-45AD-B178-106912AFD43A}.Debug-Signed|Any CPU.ActiveCfg = Debug|Win32
		{10CB7C08-D2F4-45AD-B178-106912AFD43A}.Debug-Signed|Mixed Platforms.ActiveCfg = Debug|Win32
		{10CB7C08-D2F4-45AD-B178-106912AFD43A}.Debug-Signed|Win32.ActiveCfg = Debug|Win32
		{10CB7C08-D2F4-45AD-B178-106912AFD43A}.Debug-Signed|x86.ActiveCfg = Debug|Win32
		{10CB7C08-D2F4-45AD-B178-106912AFD43A}.Release|Any CPU.ActiveCfg = Release|Win32
		{10CB7C08-D2F4-45AD-B178-106912AFD43A}.Release|Mixed Platforms.ActiveCfg = Release|Win32
		{10CB7C08-D2F4-45AD-B178-106912AFD43A}.Release|Win32.ActiveCfg = Release|Win32
		{10CB7C08-D2F4-45AD-B178-106912AFD43A}.Release|x86.ActiveCfg = Release|Win32
	EndGlobalSection
	GlobalSection(SolutionProperties) = preSolution
		HideSolutionNode = FALSE
	EndGlobalSection
EndGlobal
