
Microsoft Visual Studio Solution File, Format Version 12.00
# Visual Studio 2013
VisualStudioVersion = 12.0.40629.0
MinimumVisualStudioVersion = 10.0.40219.1
Project("{FAE04EC0-301F-11D3-BF4B-00C04F79EFBC}") = "Splicer", "splicer-99885\src\Splicer\Splicer.csproj", "{77C46D9D-1BC1-4CAF-87CF-9242721066EF}"
EndProject
Project("{FAE04EC0-301F-11D3-BF4B-00C04F79EFBC}") = "Splicer.Contrib", "splicer-99885\src\Splicer.Contrib\Splicer.Contrib.csproj", "{4DE8D46C-1974-4D80-B71D-0683E66AD9E2}"
EndProject
Project("{FAE04EC0-301F-11D3-BF4B-00C04F79EFBC}") = "MusicianHelper.Common", "MusicianHelper.Common\MusicianHelper.Common.csproj", "{8B1F9093-89D4-4D97-BE31-0AFB2EDA2031}"
EndProject
Project("{FAE04EC0-301F-11D3-BF4B-00C04F79EFBC}") = "MusicianHelper.Console", "MusicianHelper.Console\MusicianHelper.Console.csproj", "{4941BB7B-5107-4C0D-ADB0-3192670CC47D}"
EndProject
Project("{FAE04EC0-301F-11D3-BF4B-00C04F79EFBC}") = "MusicianHelper.Infrastructure", "MusicianHelper.Infrastructure\MusicianHelper.Infrastructure.csproj", "{C7A43AF2-FE5B-4F71-8A73-56933E68F4BF}"
EndProject
Project("{FAE04EC0-301F-11D3-BF4B-00C04F79EFBC}") = "MusicianHelper.WinForms", "MusicianHelper.WinForms\MusicianHelper.WinForms.csproj", "{3729F5AB-F6E1-4DE1-8959-1248561A69E8}"
EndProject
Project("{FAE04EC0-301F-11D3-BF4B-00C04F79EFBC}") = "MusicianHelper.APIKeyBootstrapper", "MusicianHelper.APIKeyBootstrapper\MusicianHelper.APIKeyBootstrapper.csproj", "{1D2AB145-553D-4612-A757-D8DEF15DBAD9}"
EndProject
Project("{8BC9CEB8-8B4A-11D0-8D11-00A0C91BC942}") = "MusicianHelper.SinkWriterSandbox", "MusicianHelper.SinkWriterSandbox\MusicianHelper.SinkWriterSandbox\MusicianHelper.SinkWriterSandbox.vcxproj", "{971FE998-7DA9-46A3-AB52-20672558DB4B}"
EndProject
Project("{FAE04EC0-301F-11D3-BF4B-00C04F79EFBC}") = "MusicianHelper.Infrastructure.Tests", "MusicianHelper.Infrastructure.Tests\MusicianHelper.Infrastructure.Tests.csproj", "{40146555-CDE3-456F-84FF-7EDA22EA0D6C}"
EndProject
Project("{FAE04EC0-301F-11D3-BF4B-00C04F79EFBC}") = "MusicianHelper.GenerateNewKeyAndIV", "MusicianHelper.GenerateNewKeyAndIV\MusicianHelper.GenerateNewKeyAndIV.csproj", "{C1D10ADE-5FA5-4F76-BB0E-32BBDB2C4A5E}"
EndProject
Project("{8BC9CEB8-8B4A-11D0-8D11-00A0C91BC942}") = "MusicianHelper.MediaFoundationVideoEncoder", "MusicianHelper.MediaFoundationVideoEncoder\MusicianHelper.MediaFoundationVideoEncoder.vcxproj", "{E58CFC59-0AD8-4D1A-96BF-349E9AC4175C}"
EndProject
Project("{FAE04EC0-301F-11D3-BF4B-00C04F79EFBC}") = "MusicianHelper.NativeVideoEncoderWrapper", "MusicianHelper.NativeVideoEncoderWrapper\MusicianHelper.NativeVideoEncoderWrapper.csproj", "{FDEE3C99-7725-4568-B3AA-E67156C033C6}"
EndProject
Project("{FAE04EC0-301F-11D3-BF4B-00C04F79EFBC}") = "MusicianHelper.VideoEncoderWrapper.Tests", "MusicianHelper.VideoEncoderWrapper.Tests\MusicianHelper.VideoEncoderWrapper.Tests.csproj", "{1D6D8E77-199A-486B-946F-F51A7F2709FE}"
EndProject
Global
	GlobalSection(SolutionConfigurationPlatforms) = preSolution
		Debug|Any CPU = Debug|Any CPU
		Debug|Mixed Platforms = Debug|Mixed Platforms
		Debug|Win32 = Debug|Win32
		Debug|x86 = Debug|x86
		Debug-Signed|Any CPU = Debug-Signed|Any CPU
		Debug-Signed|Mixed Platforms = Debug-Signed|Mixed Platforms
		Debug-Signed|Win32 = Debug-Signed|Win32
		Debug-Signed|x86 = Debug-Signed|x86
		Release|Any CPU = Release|Any CPU
		Release|Mixed Platforms = Release|Mixed Platforms
		Release|Win32 = Release|Win32
		Release|x86 = Release|x86
	EndGlobalSection
	GlobalSection(ProjectConfigurationPlatforms) = postSolution
		{77C46D9D-1BC1-4CAF-87CF-9242721066EF}.Debug|Any CPU.ActiveCfg = Debug|Any CPU
		{77C46D9D-1BC1-4CAF-87CF-9242721066EF}.Debug|Any CPU.Build.0 = Debug|Any CPU
		{77C46D9D-1BC1-4CAF-87CF-9242721066EF}.Debug|Mixed Platforms.ActiveCfg = Debug|x86
		{77C46D9D-1BC1-4CAF-87CF-9242721066EF}.Debug|Mixed Platforms.Build.0 = Debug|x86
		{77C46D9D-1BC1-4CAF-87CF-9242721066EF}.Debug|Win32.ActiveCfg = Debug|x86
		{77C46D9D-1BC1-4CAF-87CF-9242721066EF}.Debug|Win32.Build.0 = Debug|x86
		{77C46D9D-1BC1-4CAF-87CF-9242721066EF}.Debug|x86.ActiveCfg = Debug|x86
		{77C46D9D-1BC1-4CAF-87CF-9242721066EF}.Debug|x86.Build.0 = Debug|x86
		{77C46D9D-1BC1-4CAF-87CF-9242721066EF}.Debug-Signed|Any CPU.ActiveCfg = Debug-Signed|Any CPU
		{77C46D9D-1BC1-4CAF-87CF-9242721066EF}.Debug-Signed|Any CPU.Build.0 = Debug-Signed|Any CPU
		{77C46D9D-1BC1-4CAF-87CF-9242721066EF}.Debug-Signed|Mixed Platforms.ActiveCfg = Debug-Signed|x86
		{77C46D9D-1BC1-4CAF-87CF-9242721066EF}.Debug-Signed|Mixed Platforms.Build.0 = Debug-Signed|x86
		{77C46D9D-1BC1-4CAF-87CF-9242721066EF}.Debug-Signed|Win32.ActiveCfg = Debug-Signed|x86
		{77C46D9D-1BC1-4CAF-87CF-9242721066EF}.Debug-Signed|Win32.Build.0 = Debug-Signed|x86
		{77C46D9D-1BC1-4CAF-87CF-9242721066EF}.Debug-Signed|x86.ActiveCfg = Debug-Signed|x86
		{77C46D9D-1BC1-4CAF-87CF-9242721066EF}.Debug-Signed|x86.Build.0 = Debug-Signed|x86
		{77C46D9D-1BC1-4CAF-87CF-9242721066EF}.Release|Any CPU.ActiveCfg = Release|Any CPU
		{77C46D9D-1BC1-4CAF-87CF-9242721066EF}.Release|Any CPU.Build.0 = Release|Any CPU
		{77C46D9D-1BC1-4CAF-87CF-9242721066EF}.Release|Mixed Platforms.ActiveCfg = Release|x86
		{77C46D9D-1BC1-4CAF-87CF-9242721066EF}.Release|Mixed Platforms.Build.0 = Release|x86
		{77C46D9D-1BC1-4CAF-87CF-9242721066EF}.Release|Win32.ActiveCfg = Release|x86
		{77C46D9D-1BC1-4CAF-87CF-9242721066EF}.Release|Win32.Build.0 = Release|x86
		{77C46D9D-1BC1-4CAF-87CF-9242721066EF}.Release|x86.ActiveCfg = Release|x86
		{77C46D9D-1BC1-4CAF-87CF-9242721066EF}.Release|x86.Build.0 = Release|x86
		{4DE8D46C-1974-4D80-B71D-0683E66AD9E2}.Debug|Any CPU.ActiveCfg = Debug|Any CPU
		{4DE8D46C-1974-4D80-B71D-0683E66AD9E2}.Debug|Any CPU.Build.0 = Debug|Any CPU
		{4DE8D46C-1974-4D80-B71D-0683E66AD9E2}.Debug|Mixed Platforms.ActiveCfg = Debug|x86
		{4DE8D46C-1974-4D80-B71D-0683E66AD9E2}.Debug|Mixed Platforms.Build.0 = Debug|x86
		{4DE8D46C-1974-4D80-B71D-0683E66AD9E2}.Debug|Win32.ActiveCfg = Debug|x86
		{4DE8D46C-1974-4D80-B71D-0683E66AD9E2}.Debug|Win32.Build.0 = Debug|x86
		{4DE8D46C-1974-4D80-B71D-0683E66AD9E2}.Debug|x86.ActiveCfg = Debug|x86
		{4DE8D46C-1974-4D80-B71D-0683E66AD9E2}.Debug|x86.Build.0 = Debug|x86
		{4DE8D46C-1974-4D80-B71D-0683E66AD9E2}.Debug-Signed|Any CPU.ActiveCfg = Debug-Signed|Any CPU
		{4DE8D46C-1974-4D80-B71D-0683E66AD9E2}.Debug-Signed|Any CPU.Build.0 = Debug-Signed|Any CPU
		{4DE8D46C-1974-4D80-B71D-0683E66AD9E2}.Debug-Signed|Mixed Platforms.ActiveCfg = Debug-Signed|x86
		{4DE8D46C-1974-4D80-B71D-0683E66AD9E2}.Debug-Signed|Mixed Platforms.Build.0 = Debug-Signed|x86
		{4DE8D46C-1974-4D80-B71D-0683E66AD9E2}.Debug-Signed|Win32.ActiveCfg = Debug-Signed|x86
		{4DE8D46C-1974-4D80-B71D-0683E66AD9E2}.Debug-Signed|Win32.Build.0 = Debug-Signed|x86
		{4DE8D46C-1974-4D80-B71D-0683E66AD9E2}.Debug-Signed|x86.ActiveCfg = Debug-Signed|x86
		{4DE8D46C-1974-4D80-B71D-0683E66AD9E2}.Debug-Signed|x86.Build.0 = Debug-Signed|x86
		{4DE8D46C-1974-4D80-B71D-0683E66AD9E2}.Release|Any CPU.ActiveCfg = Release|Any CPU
		{4DE8D46C-1974-4D80-B71D-0683E66AD9E2}.Release|Any CPU.Build.0 = Release|Any CPU
		{4DE8D46C-1974-4D80-B71D-0683E66AD9E2}.Release|Mixed Platforms.ActiveCfg = Release|x86
		{4DE8D46C-1974-4D80-B71D-0683E66AD9E2}.Release|Mixed Platforms.Build.0 = Release|x86
		{4DE8D46C-1974-4D80-B71D-0683E66AD9E2}.Release|Win32.ActiveCfg = Release|x86
		{4DE8D46C-1974-4D80-B71D-0683E66AD9E2}.Release|Win32.Build.0 = Release|x86
		{4DE8D46C-1974-4D80-B71D-0683E66AD9E2}.Release|x86.ActiveCfg = Release|x86
		{4DE8D46C-1974-4D80-B71D-0683E66AD9E2}.Release|x86.Build.0 = Release|x86
		{8B1F9093-89D4-4D97-BE31-0AFB2EDA2031}.Debug|Any CPU.ActiveCfg = Debug|Any CPU
		{8B1F9093-89D4-4D97-BE31-0AFB2EDA2031}.Debug|Any CPU.Build.0 = Debug|Any CPU
		{8B1F9093-89D4-4D97-BE31-0AFB2EDA2031}.Debug|Mixed Platforms.ActiveCfg = Debug|Any CPU
		{8B1F9093-89D4-4D97-BE31-0AFB2EDA2031}.Debug|Mixed Platforms.Build.0 = Debug|Any CPU
		{8B1F9093-89D4-4D97-BE31-0AFB2EDA2031}.Debug|Win32.ActiveCfg = Debug|Any CPU
		{8B1F9093-89D4-4D97-BE31-0AFB2EDA2031}.Debug|x86.ActiveCfg = Debug|Any CPU
		{8B1F9093-89D4-4D97-BE31-0AFB2EDA2031}.Debug-Signed|Any CPU.ActiveCfg = Debug|Any CPU
		{8B1F9093-89D4-4D97-BE31-0AFB2EDA2031}.Debug-Signed|Any CPU.Build.0 = Debug|Any CPU
		{8B1F9093-89D4-4D97-BE31-0AFB2EDA2031}.Debug-Signed|Mixed Platforms.ActiveCfg = Debug|Any CPU
		{8B1F9093-89D4-4D97-BE31-0AFB2EDA2031}.Debug-Signed|Mixed Platforms.Build.0 = Debug|Any CPU
		{8B1F9093-89D4-4D97-BE31-0AFB2EDA2031}.Debug-Signed|Win32.ActiveCfg = Debug|Any CPU
		{8B1F9093-89D4-4D97-BE31-0AFB2EDA2031}.Debug-Signed|x86.ActiveCfg = Debug|Any CPU
		{8B1F9093-89D4-4D97-BE31-0AFB2EDA2031}.Release|Any CPU.ActiveCfg = Release|Any CPU
		{8B1F9093-89D4-4D97-BE31-0AFB2EDA2031}.Release|Any CPU.Build.0 = Release|Any CPU
		{8B1F9093-89D4-4D97-BE31-0AFB2EDA2031}.Release|Mixed Platforms.ActiveCfg = Release|Any CPU
		{8B1F9093-89D4-4D97-BE31-0AFB2EDA2031}.Release|Mixed Platforms.Build.0 = Release|Any CPU
		{8B1F9093-89D4-4D97-BE31-0AFB2EDA2031}.Release|Win32.ActiveCfg = Release|Any CPU
		{8B1F9093-89D4-4D97-BE31-0AFB2EDA2031}.Release|x86.ActiveCfg = Release|Any CPU
		{4941BB7B-5107-4C0D-ADB0-3192670CC47D}.Debug|Any CPU.ActiveCfg = Debug|Any CPU
		{4941BB7B-5107-4C0D-ADB0-3192670CC47D}.Debug|Any CPU.Build.0 = Debug|Any CPU
		{4941BB7B-5107-4C0D-ADB0-3192670CC47D}.Debug|Mixed Platforms.ActiveCfg = Debug|Any CPU
		{4941BB7B-5107-4C0D-ADB0-3192670CC47D}.Debug|Mixed Platforms.Build.0 = Debug|Any CPU
		{4941BB7B-5107-4C0D-ADB0-3192670CC47D}.Debug|Win32.ActiveCfg = Debug|Any CPU
		{4941BB7B-5107-4C0D-ADB0-3192670CC47D}.Debug|x86.ActiveCfg = Debug|Any CPU
		{4941BB7B-5107-4C0D-ADB0-3192670CC47D}.Debug-Signed|Any CPU.ActiveCfg = Debug|Any CPU
		{4941BB7B-5107-4C0D-ADB0-3192670CC47D}.Debug-Signed|Any CPU.Build.0 = Debug|Any CPU
		{4941BB7B-5107-4C0D-ADB0-3192670CC47D}.Debug-Signed|Mixed Platforms.ActiveCfg = Debug|Any CPU
		{4941BB7B-5107-4C0D-ADB0-3192670CC47D}.Debug-Signed|Mixed Platforms.Build.0 = Debug|Any CPU
		{4941BB7B-5107-4C0D-ADB0-3192670CC47D}.Debug-Signed|Win32.ActiveCfg = Debug|Any CPU
		{4941BB7B-5107-4C0D-ADB0-3192670CC47D}.Debug-Signed|x86.ActiveCfg = Debug|Any CPU
		{4941BB7B-5107-4C0D-ADB0-3192670CC47D}.Release|Any CPU.ActiveCfg = Release|Any CPU
		{4941BB7B-5107-4C0D-ADB0-3192670CC47D}.Release|Any CPU.Build.0 = Release|Any CPU
		{4941BB7B-5107-4C0D-ADB0-3192670CC47D}.Release|Mixed Platforms.ActiveCfg = Release|Any CPU
		{4941BB7B-5107-4C0D-ADB0-3192670CC47D}.Release|Mixed Platforms.Build.0 = Release|Any CPU
		{4941BB7B-5107-4C0D-ADB0-3192670CC47D}.Release|Win32.ActiveCfg = Release|Any CPU
		{4941BB7B-5107-4C0D-ADB0-3192670CC47D}.Release|x86.ActiveCfg = Release|Any CPU
		{C7A43AF2-FE5B-4F71-8A73-56933E68F4BF}.Debug|Any CPU.ActiveCfg = Debug|Any CPU
		{C7A43AF2-FE5B-4F71-8A73-56933E68F4BF}.Debug|Any CPU.Build.0 = Debug|Any CPU
		{C7A43AF2-FE5B-4F71-8A73-56933E68F4BF}.Debug|Mixed Platforms.ActiveCfg = Debug|Any CPU
		{C7A43AF2-FE5B-4F71-8A73-56933E68F4BF}.Debug|Mixed Platforms.Build.0 = Debug|Any CPU
		{C7A43AF2-FE5B-4F71-8A73-56933E68F4BF}.Debug|Win32.ActiveCfg = Debug|Any CPU
		{C7A43AF2-FE5B-4F71-8A73-56933E68F4BF}.Debug|x86.ActiveCfg = Debug|Any CPU
		{C7A43AF2-FE5B-4F71-8A73-56933E68F4BF}.Debug-Signed|Any CPU.ActiveCfg = Debug|Any CPU
		{C7A43AF2-FE5B-4F71-8A73-56933E68F4BF}.Debug-Signed|Any CPU.Build.0 = Debug|Any CPU
		{C7A43AF2-FE5B-4F71-8A73-56933E68F4BF}.Debug-Signed|Mixed Platforms.ActiveCfg = Debug|Any CPU
		{C7A43AF2-FE5B-4F71-8A73-56933E68F4BF}.Debug-Signed|Mixed Platforms.Build.0 = Debug|Any CPU
		{C7A43AF2-FE5B-4F71-8A73-56933E68F4BF}.Debug-Signed|Win32.ActiveCfg = Debug|Any CPU
		{C7A43AF2-FE5B-4F71-8A73-56933E68F4BF}.Debug-Signed|x86.ActiveCfg = Debug|Any CPU
		{C7A43AF2-FE5B-4F71-8A73-56933E68F4BF}.Release|Any CPU.ActiveCfg = Release|Any CPU
		{C7A43AF2-FE5B-4F71-8A73-56933E68F4BF}.Release|Any CPU.Build.0 = Release|Any CPU
		{C7A43AF2-FE5B-4F71-8A73-56933E68F4BF}.Release|Mixed Platforms.ActiveCfg = Release|Any CPU
		{C7A43AF2-FE5B-4F71-8A73-56933E68F4BF}.Release|Mixed Platforms.Build.0 = Release|Any CPU
		{C7A43AF2-FE5B-4F71-8A73-56933E68F4BF}.Release|Win32.ActiveCfg = Release|Any CPU
		{C7A43AF2-FE5B-4F71-8A73-56933E68F4BF}.Release|x86.ActiveCfg = Release|Any CPU
		{3729F5AB-F6E1-4DE1-8959-1248561A69E8}.Debug|Any CPU.ActiveCfg = Debug|Any CPU
		{3729F5AB-F6E1-4DE1-8959-1248561A69E8}.Debug|Any CPU.Build.0 = Debug|Any CPU
		{3729F5AB-F6E1-4DE1-8959-1248561A69E8}.Debug|Mixed Platforms.ActiveCfg = Debug|Any CPU
		{3729F5AB-F6E1-4DE1-8959-1248561A69E8}.Debug|Mixed Platforms.Build.0 = Debug|Any CPU
		{3729F5AB-F6E1-4DE1-8959-1248561A69E8}.Debug|Win32.ActiveCfg = Debug|Any CPU
		{3729F5AB-F6E1-4DE1-8959-1248561A69E8}.Debug|x86.ActiveCfg = Debug|Any CPU
		{3729F5AB-F6E1-4DE1-8959-1248561A69E8}.Debug-Signed|Any CPU.ActiveCfg = Debug|Any CPU
		{3729F5AB-F6E1-4DE1-8959-1248561A69E8}.Debug-Signed|Any CPU.Build.0 = Debug|Any CPU
		{3729F5AB-F6E1-4DE1-8959-1248561A69E8}.Debug-Signed|Mixed Platforms.ActiveCfg = Debug|Any CPU
		{3729F5AB-F6E1-4DE1-8959-1248561A69E8}.Debug-Signed|Mixed Platforms.Build.0 = Debug|Any CPU
		{3729F5AB-F6E1-4DE1-8959-1248561A69E8}.Debug-Signed|Win32.ActiveCfg = Debug|Any CPU
		{3729F5AB-F6E1-4DE1-8959-1248561A69E8}.Debug-Signed|x86.ActiveCfg = Debug|Any CPU
		{3729F5AB-F6E1-4DE1-8959-1248561A69E8}.Release|Any CPU.ActiveCfg = Release|Any CPU
		{3729F5AB-F6E1-4DE1-8959-1248561A69E8}.Release|Any CPU.Build.0 = Release|Any CPU
		{3729F5AB-F6E1-4DE1-8959-1248561A69E8}.Release|Mixed Platforms.ActiveCfg = Release|Any CPU
		{3729F5AB-F6E1-4DE1-8959-1248561A69E8}.Release|Mixed Platforms.Build.0 = Release|Any CPU
		{3729F5AB-F6E1-4DE1-8959-1248561A69E8}.Release|Win32.ActiveCfg = Release|Any CPU
		{3729F5AB-F6E1-4DE1-8959-1248561A69E8}.Release|x86.ActiveCfg = Release|Any CPU
		{1D2AB145-553D-4612-A757-D8DEF15DBAD9}.Debug|Any CPU.ActiveCfg = Debug|Any CPU
		{1D2AB145-553D-4612-A757-D8DEF15DBAD9}.Debug|Any CPU.Build.0 = Debug|Any CPU
		{1D2AB145-553D-4612-A757-D8DEF15DBAD9}.Debug|Mixed Platforms.ActiveCfg = Debug|Any CPU
		{1D2AB145-553D-4612-A757-D8DEF15DBAD9}.Debug|Mixed Platforms.Build.0 = Debug|Any CPU
		{1D2AB145-553D-4612-A757-D8DEF15DBAD9}.Debug|Win32.ActiveCfg = Debug|Any CPU
		{1D2AB145-553D-4612-A757-D8DEF15DBAD9}.Debug|x86.ActiveCfg = Debug|Any CPU
		{1D2AB145-553D-4612-A757-D8DEF15DBAD9}.Debug-Signed|Any CPU.ActiveCfg = Debug|Any CPU
		{1D2AB145-553D-4612-A757-D8DEF15DBAD9}.Debug-Signed|Any CPU.Build.0 = Debug|Any CPU
		{1D2AB145-553D-4612-A757-D8DEF15DBAD9}.Debug-Signed|Mixed Platforms.ActiveCfg = Debug|Any CPU
		{1D2AB145-553D-4612-A757-D8DEF15DBAD9}.Debug-Signed|Mixed Platforms.Build.0 = Debug|Any CPU
		{1D2AB145-553D-4612-A757-D8DEF15DBAD9}.Debug-Signed|Win32.ActiveCfg = Debug|Any CPU
		{1D2AB145-553D-4612-A757-D8DEF15DBAD9}.Debug-Signed|x86.ActiveCfg = Debug|Any CPU
		{1D2AB145-553D-4612-A757-D8DEF15DBAD9}.Release|Any CPU.ActiveCfg = Release|Any CPU
		{1D2AB145-553D-4612-A757-D8DEF15DBAD9}.Release|Any CPU.Build.0 = Release|Any CPU
		{1D2AB145-553D-4612-A757-D8DEF15DBAD9}.Release|Mixed Platforms.ActiveCfg = Release|Any CPU
		{1D2AB145-553D-4612-A757-D8DEF15DBAD9}.Release|Mixed Platforms.Build.0 = Release|Any CPU
		{1D2AB145-553D-4612-A757-D8DEF15DBAD9}.Release|Win32.ActiveCfg = Release|Any CPU
		{1D2AB145-553D-4612-A757-D8DEF15DBAD9}.Release|x86.ActiveCfg = Release|Any CPU
		{971FE998-7DA9-46A3-AB52-20672558DB4B}.Debug|Any CPU.ActiveCfg = Debug|Win32
		{971FE998-7DA9-46A3-AB52-20672558DB4B}.Debug|Mixed Platforms.ActiveCfg = Debug|Win32
		{971FE998-7DA9-46A3-AB52-20672558DB4B}.Debug|Mixed Platforms.Build.0 = Debug|Win32
		{971FE998-7DA9-46A3-AB52-20672558DB4B}.Debug|Win32.ActiveCfg = Debug|Win32
		{971FE998-7DA9-46A3-AB52-20672558DB4B}.Debug|Win32.Build.0 = Debug|Win32
		{971FE998-7DA9-46A3-AB52-20672558DB4B}.Debug|x86.ActiveCfg = Debug|Win32
		{971FE998-7DA9-46A3-AB52-20672558DB4B}.Debug|x86.Build.0 = Debug|Win32
		{971FE998-7DA9-46A3-AB52-20672558DB4B}.Debug-Signed|Any CPU.ActiveCfg = Debug|Win32
		{971FE998-7DA9-46A3-AB52-20672558DB4B}.Debug-Signed|Mixed Platforms.ActiveCfg = Debug|Win32
		{971FE998-7DA9-46A3-AB52-20672558DB4B}.Debug-Signed|Mixed Platforms.Build.0 = Debug|Win32
		{971FE998-7DA9-46A3-AB52-20672558DB4B}.Debug-Signed|Win32.ActiveCfg = Debug|Win32
		{971FE998-7DA9-46A3-AB52-20672558DB4B}.Debug-Signed|Win32.Build.0 = Debug|Win32
		{971FE998-7DA9-46A3-AB52-20672558DB4B}.Debug-Signed|x86.ActiveCfg = Debug|Win32
		{971FE998-7DA9-46A3-AB52-20672558DB4B}.Debug-Signed|x86.Build.0 = Debug|Win32
		{971FE998-7DA9-46A3-AB52-20672558DB4B}.Release|Any CPU.ActiveCfg = Release|Win32
		{971FE998-7DA9-46A3-AB52-20672558DB4B}.Release|Mixed Platforms.ActiveCfg = Release|Win32
		{971FE998-7DA9-46A3-AB52-20672558DB4B}.Release|Mixed Platforms.Build.0 = Release|Win32
		{971FE998-7DA9-46A3-AB52-20672558DB4B}.Release|Win32.ActiveCfg = Release|Win32
		{971FE998-7DA9-46A3-AB52-20672558DB4B}.Release|Win32.Build.0 = Release|Win32
		{971FE998-7DA9-46A3-AB52-20672558DB4B}.Release|x86.ActiveCfg = Release|Win32
		{971FE998-7DA9-46A3-AB52-20672558DB4B}.Release|x86.Build.0 = Release|Win32
		{40146555-CDE3-456F-84FF-7EDA22EA0D6C}.Debug|Any CPU.ActiveCfg = Debug|Any CPU
		{40146555-CDE3-456F-84FF-7EDA22EA0D6C}.Debug|Any CPU.Build.0 = Debug|Any CPU
		{40146555-CDE3-456F-84FF-7EDA22EA0D6C}.Debug|Mixed Platforms.ActiveCfg = Debug|Any CPU
		{40146555-CDE3-456F-84FF-7EDA22EA0D6C}.Debug|Mixed Platforms.Build.0 = Debug|Any CPU
		{40146555-CDE3-456F-84FF-7EDA22EA0D6C}.Debug|Win32.ActiveCfg = Debug|Any CPU
		{40146555-CDE3-456F-84FF-7EDA22EA0D6C}.Debug|x86.ActiveCfg = Debug|Any CPU
		{40146555-CDE3-456F-84FF-7EDA22EA0D6C}.Debug-Signed|Any CPU.ActiveCfg = Debug|Any CPU
		{40146555-CDE3-456F-84FF-7EDA22EA0D6C}.Debug-Signed|Any CPU.Build.0 = Debug|Any CPU
		{40146555-CDE3-456F-84FF-7EDA22EA0D6C}.Debug-Signed|Mixed Platforms.ActiveCfg = Debug|Any CPU
		{40146555-CDE3-456F-84FF-7EDA22EA0D6C}.Debug-Signed|Mixed Platforms.Build.0 = Debug|Any CPU
		{40146555-CDE3-456F-84FF-7EDA22EA0D6C}.Debug-Signed|Win32.ActiveCfg = Debug|Any CPU
		{40146555-CDE3-456F-84FF-7EDA22EA0D6C}.Debug-Signed|x86.ActiveCfg = Debug|Any CPU
		{40146555-CDE3-456F-84FF-7EDA22EA0D6C}.Release|Any CPU.ActiveCfg = Release|Any CPU
		{40146555-CDE3-456F-84FF-7EDA22EA0D6C}.Release|Any CPU.Build.0 = Release|Any CPU
		{40146555-CDE3-456F-84FF-7EDA22EA0D6C}.Release|Mixed Platforms.ActiveCfg = Release|Any CPU
		{40146555-CDE3-456F-84FF-7EDA22EA0D6C}.Release|Mixed Platforms.Build.0 = Release|Any CPU
		{40146555-CDE3-456F-84FF-7EDA22EA0D6C}.Release|Win32.ActiveCfg = Release|Any CPU
		{40146555-CDE3-456F-84FF-7EDA22EA0D6C}.Release|x86.ActiveCfg = Release|Any CPU
		{C1D10ADE-5FA5-4F76-BB0E-32BBDB2C4A5E}.Debug|Any CPU.ActiveCfg = Debug|Any CPU
		{C1D10ADE-5FA5-4F76-BB0E-32BBDB2C4A5E}.Debug|Any CPU.Build.0 = Debug|Any CPU
		{C1D10ADE-5FA5-4F76-BB0E-32BBDB2C4A5E}.Debug|Mixed Platforms.ActiveCfg = Debug|Any CPU
		{C1D10ADE-5FA5-4F76-BB0E-32BBDB2C4A5E}.Debug|Mixed Platforms.Build.0 = Debug|Any CPU
		{C1D10ADE-5FA5-4F76-BB0E-32BBDB2C4A5E}.Debug|Win32.ActiveCfg = Debug|Any CPU
		{C1D10ADE-5FA5-4F76-BB0E-32BBDB2C4A5E}.Debug|x86.ActiveCfg = Debug|Any CPU
		{C1D10ADE-5FA5-4F76-BB0E-32BBDB2C4A5E}.Debug-Signed|Any CPU.ActiveCfg = Debug|Any CPU
		{C1D10ADE-5FA5-4F76-BB0E-32BBDB2C4A5E}.Debug-Signed|Any CPU.Build.0 = Debug|Any CPU
		{C1D10ADE-5FA5-4F76-BB0E-32BBDB2C4A5E}.Debug-Signed|Mixed Platforms.ActiveCfg = Debug|Any CPU
		{C1D10ADE-5FA5-4F76-BB0E-32BBDB2C4A5E}.Debug-Signed|Mixed Platforms.Build.0 = Debug|Any CPU
		{C1D10ADE-5FA5-4F76-BB0E-32BBDB2C4A5E}.Debug-Signed|Win32.ActiveCfg = Debug|Any CPU
		{C1D10ADE-5FA5-4F76-BB0E-32BBDB2C4A5E}.Debug-Signed|x86.ActiveCfg = Debug|Any CPU
		{C1D10ADE-5FA5-4F76-BB0E-32BBDB2C4A5E}.Release|Any CPU.ActiveCfg = Release|Any CPU
		{C1D10ADE-5FA5-4F76-BB0E-32BBDB2C4A5E}.Release|Any CPU.Build.0 = Release|Any CPU
		{C1D10ADE-5FA5-4F76-BB0E-32BBDB2C4A5E}.Release|Mixed Platforms.ActiveCfg = Release|Any CPU
		{C1D10ADE-5FA5-4F76-BB0E-32BBDB2C4A5E}.Release|Mixed Platforms.Build.0 = Release|Any CPU
		{C1D10ADE-5FA5-4F76-BB0E-32BBDB2C4A5E}.Release|Win32.ActiveCfg = Release|Any CPU
		{C1D10ADE-5FA5-4F76-BB0E-32BBDB2C4A5E}.Release|x86.ActiveCfg = Release|Any CPU
		{E58CFC59-0AD8-4D1A-96BF-349E9AC4175C}.Debug|Any CPU.ActiveCfg = Debug|Win32
		{E58CFC59-0AD8-4D1A-96BF-349E9AC4175C}.Debug|Mixed Platforms.ActiveCfg = Debug|Win32
		{E58CFC59-0AD8-4D1A-96BF-349E9AC4175C}.Debug|Mixed Platforms.Build.0 = Debug|Win32
		{E58CFC59-0AD8-4D1A-96BF-349E9AC4175C}.Debug|Win32.ActiveCfg = Debug|Win32
		{E58CFC59-0AD8-4D1A-96BF-349E9AC4175C}.Debug|Win32.Build.0 = Debug|Win32
		{E58CFC59-0AD8-4D1A-96BF-349E9AC4175C}.Debug|x86.ActiveCfg = Debug|Win32
		{E58CFC59-0AD8-4D1A-96BF-349E9AC4175C}.Debug|x86.Build.0 = Debug|Win32
		{E58CFC59-0AD8-4D1A-96BF-349E9AC4175C}.Debug-Signed|Any CPU.ActiveCfg = Debug|Win32
		{E58CFC59-0AD8-4D1A-96BF-349E9AC4175C}.Debug-Signed|Mixed Platforms.ActiveCfg = Debug|Win32
		{E58CFC59-0AD8-4D1A-96BF-349E9AC4175C}.Debug-Signed|Mixed Platforms.Build.0 = Debug|Win32
		{E58CFC59-0AD8-4D1A-96BF-349E9AC4175C}.Debug-Signed|Win32.ActiveCfg = Debug|Win32
		{E58CFC59-0AD8-4D1A-96BF-349E9AC4175C}.Debug-Signed|Win32.Build.0 = Debug|Win32
		{E58CFC59-0AD8-4D1A-96BF-349E9AC4175C}.Debug-Signed|x86.ActiveCfg = Debug|Win32
		{E58CFC59-0AD8-4D1A-96BF-349E9AC4175C}.Debug-Signed|x86.Build.0 = Debug|Win32
		{E58CFC59-0AD8-4D1A-96BF-349E9AC4175C}.Release|Any CPU.ActiveCfg = Release|Win32
		{E58CFC59-0AD8-4D1A-96BF-349E9AC4175C}.Release|Mixed Platforms.ActiveCfg = Release|Win32
		{E58CFC59-0AD8-4D1A-96BF-349E9AC4175C}.Release|Mixed Platforms.Build.0 = Release|Win32
		{E58CFC59-0AD8-4D1A-96BF-349E9AC4175C}.Release|Win32.ActiveCfg = Release|Win32
		{E58CFC59-0AD8-4D1A-96BF-349E9AC4175C}.Release|Win32.Build.0 = Release|Win32
		{E58CFC59-0AD8-4D1A-96BF-349E9AC4175C}.Release|x86.ActiveCfg = Release|Win32
		{E58CFC59-0AD8-4D1A-96BF-349E9AC4175C}.Release|x86.Build.0 = Release|Win32
		{FDEE3C99-7725-4568-B3AA-E67156C033C6}.Debug|Any CPU.ActiveCfg = Debug|Any CPU
		{FDEE3C99-7725-4568-B3AA-E67156C033C6}.Debug|Any CPU.Build.0 = Debug|Any CPU
		{FDEE3C99-7725-4568-B3AA-E67156C033C6}.Debug|Mixed Platforms.ActiveCfg = Debug|Any CPU
		{FDEE3C99-7725-4568-B3AA-E67156C033C6}.Debug|Mixed Platforms.Build.0 = Debug|Any CPU
		{FDEE3C99-7725-4568-B3AA-E67156C033C6}.Debug|Win32.ActiveCfg = Debug|Any CPU
		{FDEE3C99-7725-4568-B3AA-E67156C033C6}.Debug|x86.ActiveCfg = Debug|Any CPU
		{FDEE3C99-7725-4568-B3AA-E67156C033C6}.Debug-Signed|Any CPU.ActiveCfg = Debug|Any CPU
		{FDEE3C99-7725-4568-B3AA-E67156C033C6}.Debug-Signed|Any CPU.Build.0 = Debug|Any CPU
		{FDEE3C99-7725-4568-B3AA-E67156C033C6}.Debug-Signed|Mixed Platforms.ActiveCfg = Debug|Any CPU
		{FDEE3C99-7725-4568-B3AA-E67156C033C6}.Debug-Signed|Mixed Platforms.Build.0 = Debug|Any CPU
		{FDEE3C99-7725-4568-B3AA-E67156C033C6}.Debug-Signed|Win32.ActiveCfg = Debug|Any CPU
		{FDEE3C99-7725-4568-B3AA-E67156C033C6}.Debug-Signed|x86.ActiveCfg = Debug|Any CPU
		{FDEE3C99-7725-4568-B3AA-E67156C033C6}.Release|Any CPU.ActiveCfg = Release|Any CPU
		{FDEE3C99-7725-4568-B3AA-E67156C033C6}.Release|Any CPU.Build.0 = Release|Any CPU
		{FDEE3C99-7725-4568-B3AA-E67156C033C6}.Release|Mixed Platforms.ActiveCfg = Release|Any CPU
		{FDEE3C99-7725-4568-B3AA-E67156C033C6}.Release|Mixed Platforms.Build.0 = Release|Any CPU
		{FDEE3C99-7725-4568-B3AA-E67156C033C6}.Release|Win32.ActiveCfg = Release|Any CPU
		{FDEE3C99-7725-4568-B3AA-E67156C033C6}.Release|x86.ActiveCfg = Release|Any CPU
		{1D6D8E77-199A-486B-946F-F51A7F2709FE}.Debug|Any CPU.ActiveCfg = Debug|Any CPU
		{1D6D8E77-199A-486B-946F-F51A7F2709FE}.Debug|Any CPU.Build.0 = Debug|Any CPU
		{1D6D8E77-199A-486B-946F-F51A7F2709FE}.Debug|Mixed Platforms.ActiveCfg = Debug|Any CPU
		{1D6D8E77-199A-486B-946F-F51A7F2709FE}.Debug|Mixed Platforms.Build.0 = Debug|Any CPU
		{1D6D8E77-199A-486B-946F-F51A7F2709FE}.Debug|Win32.ActiveCfg = Debug|Any CPU
		{1D6D8E77-199A-486B-946F-F51A7F2709FE}.Debug|x86.ActiveCfg = Debug|Any CPU
		{1D6D8E77-199A-486B-946F-F51A7F2709FE}.Debug-Signed|Any CPU.ActiveCfg = Debug|Any CPU
		{1D6D8E77-199A-486B-946F-F51A7F2709FE}.Debug-Signed|Any CPU.Build.0 = Debug|Any CPU
		{1D6D8E77-199A-486B-946F-F51A7F2709FE}.Debug-Signed|Mixed Platforms.ActiveCfg = Debug|Any CPU
		{1D6D8E77-199A-486B-946F-F51A7F2709FE}.Debug-Signed|Mixed Platforms.Build.0 = Debug|Any CPU
		{1D6D8E77-199A-486B-946F-F51A7F2709FE}.Debug-Signed|Win32.ActiveCfg = Debug|Any CPU
		{1D6D8E77-199A-486B-946F-F51A7F2709FE}.Debug-Signed|x86.ActiveCfg = Debug|Any CPU
		{1D6D8E77-199A-486B-946F-F51A7F2709FE}.Release|Any CPU.ActiveCfg = Release|Any CPU
		{1D6D8E77-199A-486B-946F-F51A7F2709FE}.Release|Any CPU.Build.0 = Release|Any CPU
		{1D6D8E77-199A-486B-946F-F51A7F2709FE}.Release|Mixed Platforms.ActiveCfg = Release|Any CPU
		{1D6D8E77-199A-486B-946F-F51A7F2709FE}.Release|Mixed Platforms.Build.0 = Release|Any CPU
		{1D6D8E77-199A-486B-946F-F51A7F2709FE}.Release|Win32.ActiveCfg = Release|Any CPU
		{1D6D8E77-199A-486B-946F-F51A7F2709FE}.Release|x86.ActiveCfg = Release|Any CPU
	EndGlobalSection
	GlobalSection(SolutionProperties) = preSolution
		HideSolutionNode = FALSE
	EndGlobalSection
EndGlobal
