<?xml version="1.0" encoding="utf-8"?>
<Project ToolsVersion="4.0" xmlns="http://schemas.microsoft.com/developer/msbuild/2003">
  <ItemGroup>
    <Filter Include="Source Files">
      <UniqueIdentifier>{d82d68e9-2776-4770-a9a7-c7e8b0145838}</UniqueIdentifier>
    </Filter>
    <Filter Include="Generated Files">
      <UniqueIdentifier>{5604c778-32f7-41d7-8290-6c24b6d8a391}</UniqueIdentifier>
      <SourceControlFiles>False</SourceControlFiles>
    </Filter>
  </ItemGroup>
  <ItemGroup>
    <None Include="MusicianHelper.NativeVideoEncoderps.def" />
  </ItemGroup>
  <ItemGroup>
    <ClCompile Include="MusicianHelperNativeVideoEncoder_i.c">
      <Filter>Generated Files</Filter>
    </ClCompile>
    <ClCompile Include="MusicianHelperNativeVideoEncoder_p.c">
      <Filter>Generated Files</Filter>
    </ClCompile>
    <ClCompile Include="dlldata.c">
      <Filter>Generated Files</Filter>
    </ClCompile>
  </ItemGroup>
</Project>