<?xml version="1.0" encoding="utf-8"?>
<Project ToolsVersion="4.0" xmlns="http://schemas.microsoft.com/developer/msbuild/2003">
  <ItemGroup>
    <Filter Include="Source Files">
      <UniqueIdentifier>{6529ef0a-2f31-45eb-8385-a7f5dce9f268}</UniqueIdentifier>
    </Filter>
    <Filter Include="Generated Files">
      <UniqueIdentifier>{6c7f34eb-b6d2-43c0-9454-3fcf30178026}</UniqueIdentifier>
      <SourceControlFiles>False</SourceControlFiles>
    </Filter>
  </ItemGroup>
  <ItemGroup>
    <None Include="MusicianHelper.NativeVideoEncoderps.def" />
  </ItemGroup>
  <ItemGroup>
    <ClCompile Include="MusicianHelperNativeVideoEncoder_i.c">
      <Filter>Generated Files</Filter>
    </ClCompile>
    <ClCompile Include="MusicianHelperNativeVideoEncoder_p.c">
      <Filter>Generated Files</Filter>
    </ClCompile>
    <ClCompile Include="dlldata.c">
      <Filter>Generated Files</Filter>
    </ClCompile>
  </ItemGroup>
</Project>